
Microsoft Visual Studio Solution File, Format Version 12.00
# Visual Studio Version 17
VisualStudioVersion = 17.10.34928.147
MinimumVisualStudioVersion = 10.0.40219.1
Project("{FAE04EC0-301F-11D3-BF4B-00C04F79EFBC}") = "dentist", "dentist\dentist.csproj", "{BABD443A-7C3F-432A-94C8-3A64F9EA085F}"
EndProject
Global
	GlobalSection(SolutionConfigurationPlatforms) = preSolution
		Debug|Any CPU = Debug|Any CPU
		Release|Any CPU = Release|Any CPU
	EndGlobalSection
	GlobalSection(ProjectConfigurationPlatforms) = postSolution
		{BABD443A-7C3F-432A-94C8-3A64F9EA085F}.Debug|Any CPU.ActiveCfg = Debug|Any CPU
		{BABD443A-7C3F-432A-94C8-3A64F9EA085F}.Debug|Any CPU.Build.0 = Debug|Any CPU
		{BABD443A-7C3F-432A-94C8-3A64F9EA085F}.Release|Any CPU.ActiveCfg = Release|Any CPU
		{BABD443A-7C3F-432A-94C8-3A64F9EA085F}.Release|Any CPU.Build.0 = Release|Any CPU
	EndGlobalSection
	GlobalSection(SolutionProperties) = preSolution
		HideSolutionNode = FALSE
	EndGlobalSection
	GlobalSection(ExtensibilityGlobals) = postSolution
		SolutionGuid = {E81AC155-5F00-416D-9CFB-7B759BE2C483}
	EndGlobalSection
EndGlobal
